// !$*UTF8*$!
{
	archiveVersion = 1;
	classes = {
	};
	objectVersion = 50;
	objects = {

/* Begin PBXBuildFile section */
		45538CBB231EFE530029AFDB /* HUDView.swift in Sources */ = {isa = PBXBuildFile; fileRef = 45538CBA231EFE530029AFDB /* HUDView.swift */; };
		45538CBD231F16B40029AFDB /* Functions.swift in Sources */ = {isa = PBXBuildFile; fileRef = 45538CBC231F16B40029AFDB /* Functions.swift */; };
		45623BD1231C9BFE0034F128 /* LocationDetailsViewController.swift in Sources */ = {isa = PBXBuildFile; fileRef = 45623BD0231C9BFE0034F128 /* LocationDetailsViewController.swift */; };
		45633B0E2319E4ED0078700B /* AppDelegate.swift in Sources */ = {isa = PBXBuildFile; fileRef = 45633B0D2319E4ED0078700B /* AppDelegate.swift */; };
		45633B102319E4ED0078700B /* CurrentLocationViewController.swift in Sources */ = {isa = PBXBuildFile; fileRef = 45633B0F2319E4ED0078700B /* CurrentLocationViewController.swift */; };
		45633B132319E4ED0078700B /* Main.storyboard in Resources */ = {isa = PBXBuildFile; fileRef = 45633B112319E4ED0078700B /* Main.storyboard */; };
		45633B152319E4EE0078700B /* Assets.xcassets in Resources */ = {isa = PBXBuildFile; fileRef = 45633B142319E4EE0078700B /* Assets.xcassets */; };
		45633B182319E4EE0078700B /* LaunchScreen.storyboard in Resources */ = {isa = PBXBuildFile; fileRef = 45633B162319E4EE0078700B /* LaunchScreen.storyboard */; };
		459600E223282D7B0012286A /* LocationsViewController.swift in Sources */ = {isa = PBXBuildFile; fileRef = 459600E123282D7B0012286A /* LocationsViewController.swift */; };
		459600E423283B560012286A /* LocationCell.swift in Sources */ = {isa = PBXBuildFile; fileRef = 459600E323283B560012286A /* LocationCell.swift */; };
		45CFD714231D98C30018F5A5 /* CategoryPickerViewController.swift in Sources */ = {isa = PBXBuildFile; fileRef = 45CFD713231D98C30018F5A5 /* CategoryPickerViewController.swift */; };
		45D10D482321A4B100DD32D5 /* DataModel.xcdatamodeld in Sources */ = {isa = PBXBuildFile; fileRef = 45D10D462321A4B100DD32D5 /* DataModel.xcdatamodeld */; };
		45D10D4B2321B25000DD32D5 /* Location+CoreDataClass.swift in Sources */ = {isa = PBXBuildFile; fileRef = 45D10D492321B24F00DD32D5 /* Location+CoreDataClass.swift */; };
		45D10D4C2321B25000DD32D5 /* Location+CoreDataProperties.swift in Sources */ = {isa = PBXBuildFile; fileRef = 45D10D4A2321B24F00DD32D5 /* Location+CoreDataProperties.swift */; };
/* End PBXBuildFile section */

/* Begin PBXFileReference section */
		45538CBA231EFE530029AFDB /* HUDView.swift */ = {isa = PBXFileReference; lastKnownFileType = sourcecode.swift; path = HUDView.swift; sourceTree = "<group>"; };
		45538CBC231F16B40029AFDB /* Functions.swift */ = {isa = PBXFileReference; lastKnownFileType = sourcecode.swift; path = Functions.swift; sourceTree = "<group>"; };
		45623BD0231C9BFE0034F128 /* LocationDetailsViewController.swift */ = {isa = PBXFileReference; lastKnownFileType = sourcecode.swift; path = LocationDetailsViewController.swift; sourceTree = "<group>"; };
		45633B0A2319E4ED0078700B /* Locations.app */ = {isa = PBXFileReference; explicitFileType = wrapper.application; includeInIndex = 0; path = Locations.app; sourceTree = BUILT_PRODUCTS_DIR; };
		45633B0D2319E4ED0078700B /* AppDelegate.swift */ = {isa = PBXFileReference; lastKnownFileType = sourcecode.swift; path = AppDelegate.swift; sourceTree = "<group>"; };
		45633B0F2319E4ED0078700B /* CurrentLocationViewController.swift */ = {isa = PBXFileReference; lastKnownFileType = sourcecode.swift; path = CurrentLocationViewController.swift; sourceTree = "<group>"; };
		45633B122319E4ED0078700B /* Base */ = {isa = PBXFileReference; lastKnownFileType = file.storyboard; name = Base; path = Base.lproj/Main.storyboard; sourceTree = "<group>"; };
		45633B142319E4EE0078700B /* Assets.xcassets */ = {isa = PBXFileReference; lastKnownFileType = folder.assetcatalog; path = Assets.xcassets; sourceTree = "<group>"; };
		45633B172319E4EE0078700B /* Base */ = {isa = PBXFileReference; lastKnownFileType = file.storyboard; name = Base; path = Base.lproj/LaunchScreen.storyboard; sourceTree = "<group>"; };
		45633B192319E4EE0078700B /* Info.plist */ = {isa = PBXFileReference; lastKnownFileType = text.plist.xml; path = Info.plist; sourceTree = "<group>"; };
		459600E123282D7B0012286A /* LocationsViewController.swift */ = {isa = PBXFileReference; lastKnownFileType = sourcecode.swift; path = LocationsViewController.swift; sourceTree = "<group>"; };
		459600E323283B560012286A /* LocationCell.swift */ = {isa = PBXFileReference; lastKnownFileType = sourcecode.swift; path = LocationCell.swift; sourceTree = "<group>"; };
		45CFD713231D98C30018F5A5 /* CategoryPickerViewController.swift */ = {isa = PBXFileReference; lastKnownFileType = sourcecode.swift; path = CategoryPickerViewController.swift; sourceTree = "<group>"; };
		45D10D472321A4B100DD32D5 /* DataModel.xcdatamodel */ = {isa = PBXFileReference; lastKnownFileType = wrapper.xcdatamodel; path = DataModel.xcdatamodel; sourceTree = "<group>"; };
		45D10D492321B24F00DD32D5 /* Location+CoreDataClass.swift */ = {isa = PBXFileReference; lastKnownFileType = sourcecode.swift; path = "Location+CoreDataClass.swift"; sourceTree = "<group>"; };
		45D10D4A2321B24F00DD32D5 /* Location+CoreDataProperties.swift */ = {isa = PBXFileReference; lastKnownFileType = sourcecode.swift; path = "Location+CoreDataProperties.swift"; sourceTree = "<group>"; };
/* End PBXFileReference section */

/* Begin PBXFrameworksBuildPhase section */
		45633B072319E4ED0078700B /* Frameworks */ = {
			isa = PBXFrameworksBuildPhase;
			buildActionMask = 2147483647;
			files = (
			);
			runOnlyForDeploymentPostprocessing = 0;
		};
/* End PBXFrameworksBuildPhase section */

/* Begin PBXGroup section */
		45633B012319E4ED0078700B = {
			isa = PBXGroup;
			children = (
				45D10D492321B24F00DD32D5 /* Location+CoreDataClass.swift */,
				45D10D4A2321B24F00DD32D5 /* Location+CoreDataProperties.swift */,
				45633B0C2319E4ED0078700B /* Locations */,
				45633B0B2319E4ED0078700B /* Products */,
			);
			sourceTree = "<group>";
		};
		45633B0B2319E4ED0078700B /* Products */ = {
			isa = PBXGroup;
			children = (
				45633B0A2319E4ED0078700B /* Locations.app */,
			);
			name = Products;
			sourceTree = "<group>";
		};
		45633B0C2319E4ED0078700B /* Locations */ = {
			isa = PBXGroup;
			children = (
				45633B0D2319E4ED0078700B /* AppDelegate.swift */,
				45633B0F2319E4ED0078700B /* CurrentLocationViewController.swift */,
				45623BD0231C9BFE0034F128 /* LocationDetailsViewController.swift */,
				45D10D462321A4B100DD32D5 /* DataModel.xcdatamodeld */,
				459600E323283B560012286A /* LocationCell.swift */,
				459600E123282D7B0012286A /* LocationsViewController.swift */,
				45538CBA231EFE530029AFDB /* HUDView.swift */,
				45538CBC231F16B40029AFDB /* Functions.swift */,
				45633B112319E4ED0078700B /* Main.storyboard */,
				45CFD713231D98C30018F5A5 /* CategoryPickerViewController.swift */,
				45633B142319E4EE0078700B /* Assets.xcassets */,
				45633B162319E4EE0078700B /* LaunchScreen.storyboard */,
				45633B192319E4EE0078700B /* Info.plist */,
			);
			path = Locations;
			sourceTree = "<group>";
		};
/* End PBXGroup section */

/* Begin PBXNativeTarget section */
		45633B092319E4ED0078700B /* Locations */ = {
			isa = PBXNativeTarget;
			buildConfigurationList = 45633B1C2319E4EE0078700B /* Build configuration list for PBXNativeTarget "Locations" */;
			buildPhases = (
				45633B062319E4ED0078700B /* Sources */,
				45633B072319E4ED0078700B /* Frameworks */,
				45633B082319E4ED0078700B /* Resources */,
			);
			buildRules = (
			);
			dependencies = (
			);
			name = Locations;
			productName = Locations;
			productReference = 45633B0A2319E4ED0078700B /* Locations.app */;
			productType = "com.apple.product-type.application";
		};
/* End PBXNativeTarget section */

/* Begin PBXProject section */
		45633B022319E4ED0078700B /* Project object */ = {
			isa = PBXProject;
			attributes = {
				LastSwiftUpdateCheck = 1030;
				LastUpgradeCheck = 1030;
				ORGANIZATIONNAME = Isaacballas;
				TargetAttributes = {
					45633B092319E4ED0078700B = {
						CreatedOnToolsVersion = 10.3;
					};
				};
			};
			buildConfigurationList = 45633B052319E4ED0078700B /* Build configuration list for PBXProject "Locations" */;
			compatibilityVersion = "Xcode 9.3";
			developmentRegion = en;
			hasScannedForEncodings = 0;
			knownRegions = (
				en,
				Base,
			);
			mainGroup = 45633B012319E4ED0078700B;
			productRefGroup = 45633B0B2319E4ED0078700B /* Products */;
			projectDirPath = "";
			projectRoot = "";
			targets = (
				45633B092319E4ED0078700B /* Locations */,
			);
		};
/* End PBXProject section */

/* Begin PBXResourcesBuildPhase section */
		45633B082319E4ED0078700B /* Resources */ = {
			isa = PBXResourcesBuildPhase;
			buildActionMask = 2147483647;
			files = (
				45633B182319E4EE0078700B /* LaunchScreen.storyboard in Resources */,
				45633B152319E4EE0078700B /* Assets.xcassets in Resources */,
				45633B132319E4ED0078700B /* Main.storyboard in Resources */,
			);
			runOnlyForDeploymentPostprocessing = 0;
		};
/* End PBXResourcesBuildPhase section */

/* Begin PBXSourcesBuildPhase section */
		45633B062319E4ED0078700B /* Sources */ = {
			isa = PBXSourcesBuildPhase;
			buildActionMask = 2147483647;
			files = (
				45CFD714231D98C30018F5A5 /* CategoryPickerViewController.swift in Sources */,
				459600E223282D7B0012286A /* LocationsViewController.swift in Sources */,
				45623BD1231C9BFE0034F128 /* LocationDetailsViewController.swift in Sources */,
				45633B102319E4ED0078700B /* CurrentLocationViewController.swift in Sources */,
				45D10D482321A4B100DD32D5 /* DataModel.xcdatamodeld in Sources */,
				45D10D4B2321B25000DD32D5 /* Location+CoreDataClass.swift in Sources */,
				459600E423283B560012286A /* LocationCell.swift in Sources */,
				45D10D4C2321B25000DD32D5 /* Location+CoreDataProperties.swift in Sources */,
				45538CBB231EFE530029AFDB /* HUDView.swift in Sources */,
				45633B0E2319E4ED0078700B /* AppDelegate.swift in Sources */,
				45538CBD231F16B40029AFDB /* Functions.swift in Sources */,
			);
			runOnlyForDeploymentPostprocessing = 0;
		};
/* End PBXSourcesBuildPhase section */

/* Begin PBXVariantGroup section */
		45633B112319E4ED0078700B /* Main.storyboard */ = {
			isa = PBXVariantGroup;
			children = (
				45633B122319E4ED0078700B /* Base */,
			);
			name = Main.storyboard;
			sourceTree = "<group>";
		};
		45633B162319E4EE0078700B /* LaunchScreen.storyboard */ = {
			isa = PBXVariantGroup;
			children = (
				45633B172319E4EE0078700B /* Base */,
			);
			name = LaunchScreen.storyboard;
			sourceTree = "<group>";
		};
/* End PBXVariantGroup section */

/* Begin XCBuildConfiguration section */
		45633B1A2319E4EE0078700B /* Debug */ = {
			isa = XCBuildConfiguration;
			buildSettings = {
				ALWAYS_SEARCH_USER_PATHS = NO;
				CLANG_ANALYZER_NONNULL = YES;
				CLANG_ANALYZER_NUMBER_OBJECT_CONVERSION = YES_AGGRESSIVE;
				CLANG_CXX_LANGUAGE_STANDARD = "gnu++14";
				CLANG_CXX_LIBRARY = "libc++";
				CLANG_ENABLE_MODULES = YES;
				CLANG_ENABLE_OBJC_ARC = YES;
				CLANG_ENABLE_OBJC_WEAK = YES;
				CLANG_WARN_BLOCK_CAPTURE_AUTORELEASING = YES;
				CLANG_WARN_BOOL_CONVERSION = YES;
				CLANG_WARN_COMMA = YES;
				CLANG_WARN_CONSTANT_CONVERSION = YES;
				CLANG_WARN_DEPRECATED_OBJC_IMPLEMENTATIONS = YES;
				CLANG_WARN_DIRECT_OBJC_ISA_USAGE = YES_ERROR;
				CLANG_WARN_DOCUMENTATION_COMMENTS = YES;
				CLANG_WARN_EMPTY_BODY = YES;
				CLANG_WARN_ENUM_CONVERSION = YES;
				CLANG_WARN_INFINITE_RECURSION = YES;
				CLANG_WARN_INT_CONVERSION = YES;
				CLANG_WARN_NON_LITERAL_NULL_CONVERSION = YES;
				CLANG_WARN_OBJC_IMPLICIT_RETAIN_SELF = YES;
				CLANG_WARN_OBJC_LITERAL_CONVERSION = YES;
				CLANG_WARN_OBJC_ROOT_CLASS = YES_ERROR;
				CLANG_WARN_RANGE_LOOP_ANALYSIS = YES;
				CLANG_WARN_STRICT_PROTOTYPES = YES;
				CLANG_WARN_SUSPICIOUS_MOVE = YES;
				CLANG_WARN_UNGUARDED_AVAILABILITY = YES_AGGRESSIVE;
				CLANG_WARN_UNREACHABLE_CODE = YES;
				CLANG_WARN__DUPLICATE_METHOD_MATCH = YES;
				CODE_SIGN_IDENTITY = "iPhone Developer";
				COPY_PHASE_STRIP = NO;
				DEBUG_INFORMATION_FORMAT = dwarf;
				ENABLE_STRICT_OBJC_MSGSEND = YES;
				ENABLE_TESTABILITY = YES;
				GCC_C_LANGUAGE_STANDARD = gnu11;
				GCC_DYNAMIC_NO_PIC = NO;
				GCC_NO_COMMON_BLOCKS = YES;
				GCC_OPTIMIZATION_LEVEL = 0;
				GCC_PREPROCESSOR_DEFINITIONS = (
					"DEBUG=1",
					"$(inherited)",
				);
				GCC_WARN_64_TO_32_BIT_CONVERSION = YES;
				GCC_WARN_ABOUT_RETURN_TYPE = YES_ERROR;
				GCC_WARN_UNDECLARED_SELECTOR = YES;
				GCC_WARN_UNINITIALIZED_AUTOS = YES_AGGRESSIVE;
				GCC_WARN_UNUSED_FUNCTION = YES;
				GCC_WARN_UNUSED_VARIABLE = YES;
				IPHONEOS_DEPLOYMENT_TARGET = 12.4;
				MTL_ENABLE_DEBUG_INFO = INCLUDE_SOURCE;
				MTL_FAST_MATH = YES;
				ONLY_ACTIVE_ARCH = YES;
				SDKROOT = iphoneos;
				SWIFT_ACTIVE_COMPILATION_CONDITIONS = DEBUG;
				SWIFT_OPTIMIZATION_LEVEL = "-Onone";
			};
			name = Debug;
		};
		45633B1B2319E4EE0078700B /* Release */ = {
			isa = XCBuildConfiguration;
			buildSettings = {
				ALWAYS_SEARCH_USER_PATHS = NO;
				CLANG_ANALYZER_NONNULL = YES;
				CLANG_ANALYZER_NUMBER_OBJECT_CONVERSION = YES_AGGRESSIVE;
				CLANG_CXX_LANGUAGE_STANDARD = "gnu++14";
				CLANG_CXX_LIBRARY = "libc++";
				CLANG_ENABLE_MODULES = YES;
				CLANG_ENABLE_OBJC_ARC = YES;
				CLANG_ENABLE_OBJC_WEAK = YES;
				CLANG_WARN_BLOCK_CAPTURE_AUTORELEASING = YES;
				CLANG_WARN_BOOL_CONVERSION = YES;
				CLANG_WARN_COMMA = YES;
				CLANG_WARN_CONSTANT_CONVERSION = YES;
				CLANG_WARN_DEPRECATED_OBJC_IMPLEMENTATIONS = YES;
				CLANG_WARN_DIRECT_OBJC_ISA_USAGE = YES_ERROR;
				CLANG_WARN_DOCUMENTATION_COMMENTS = YES;
				CLANG_WARN_EMPTY_BODY = YES;
				CLANG_WARN_ENUM_CONVERSION = YES;
				CLANG_WARN_INFINITE_RECURSION = YES;
				CLANG_WARN_INT_CONVERSION = YES;
				CLANG_WARN_NON_LITERAL_NULL_CONVERSION = YES;
				CLANG_WARN_OBJC_IMPLICIT_RETAIN_SELF = YES;
				CLANG_WARN_OBJC_LITERAL_CONVERSION = YES;
				CLANG_WARN_OBJC_ROOT_CLASS = YES_ERROR;
				CLANG_WARN_RANGE_LOOP_ANALYSIS = YES;
				CLANG_WARN_STRICT_PROTOTYPES = YES;
				CLANG_WARN_SUSPICIOUS_MOVE = YES;
				CLANG_WARN_UNGUARDED_AVAILABILITY = YES_AGGRESSIVE;
				CLANG_WARN_UNREACHABLE_CODE = YES;
				CLANG_WARN__DUPLICATE_METHOD_MATCH = YES;
				CODE_SIGN_IDENTITY = "iPhone Developer";
				COPY_PHASE_STRIP = NO;
				DEBUG_INFORMATION_FORMAT = "dwarf-with-dsym";
				ENABLE_NS_ASSERTIONS = NO;
				ENABLE_STRICT_OBJC_MSGSEND = YES;
				GCC_C_LANGUAGE_STANDARD = gnu11;
				GCC_NO_COMMON_BLOCKS = YES;
				GCC_WARN_64_TO_32_BIT_CONVERSION = YES;
				GCC_WARN_ABOUT_RETURN_TYPE = YES_ERROR;
				GCC_WARN_UNDECLARED_SELECTOR = YES;
				GCC_WARN_UNINITIALIZED_AUTOS = YES_AGGRESSIVE;
				GCC_WARN_UNUSED_FUNCTION = YES;
				GCC_WARN_UNUSED_VARIABLE = YES;
				IPHONEOS_DEPLOYMENT_TARGET = 12.4;
				MTL_ENABLE_DEBUG_INFO = NO;
				MTL_FAST_MATH = YES;
				SDKROOT = iphoneos;
				SWIFT_COMPILATION_MODE = wholemodule;
				SWIFT_OPTIMIZATION_LEVEL = "-O";
				VALIDATE_PRODUCT = YES;
			};
			name = Release;
		};
		45633B1D2319E4EE0078700B /* Debug */ = {
			isa = XCBuildConfiguration;
			buildSettings = {
				ASSETCATALOG_COMPILER_APPICON_NAME = AppIcon;
				CODE_SIGN_STYLE = Automatic;
				DEVELOPMENT_TEAM = SKR3LP38N7;
				INFOPLIST_FILE = Locations/Info.plist;
				LD_RUNPATH_SEARCH_PATHS = (
					"$(inherited)",
					"@executable_path/Frameworks",
				);
				PRODUCT_BUNDLE_IDENTIFIER = com.isaacballas.Locations;
				PRODUCT_NAME = "$(TARGET_NAME)";
				SWIFT_VERSION = 5.0;
				TARGETED_DEVICE_FAMILY = "1,2";
			};
			name = Debug;
		};
		45633B1E2319E4EE0078700B /* Release */ = {
			isa = XCBuildConfiguration;
			buildSettings = {
				ASSETCATALOG_COMPILER_APPICON_NAME = AppIcon;
				CODE_SIGN_STYLE = Automatic;
				DEVELOPMENT_TEAM = SKR3LP38N7;
				INFOPLIST_FILE = Locations/Info.plist;
				LD_RUNPATH_SEARCH_PATHS = (
					"$(inherited)",
					"@executable_path/Frameworks",
				);
				PRODUCT_BUNDLE_IDENTIFIER = com.isaacballas.Locations;
				PRODUCT_NAME = "$(TARGET_NAME)";
				SWIFT_VERSION = 5.0;
				TARGETED_DEVICE_FAMILY = "1,2";
			};
			name = Release;
		};
/* End XCBuildConfiguration section */

/* Begin XCConfigurationList section */
		45633B052319E4ED0078700B /* Build configuration list for PBXProject "Locations" */ = {
			isa = XCConfigurationList;
			buildConfigurations = (
				45633B1A2319E4EE0078700B /* Debug */,
				45633B1B2319E4EE0078700B /* Release */,
			);
			defaultConfigurationIsVisible = 0;
			defaultConfigurationName = Release;
		};
		45633B1C2319E4EE0078700B /* Build configuration list for PBXNativeTarget "Locations" */ = {
			isa = XCConfigurationList;
			buildConfigurations = (
				45633B1D2319E4EE0078700B /* Debug */,
				45633B1E2319E4EE0078700B /* Release */,
			);
			defaultConfigurationIsVisible = 0;
			defaultConfigurationName = Release;
		};
/* End XCConfigurationList section */

/* Begin XCVersionGroup section */
		45D10D462321A4B100DD32D5 /* DataModel.xcdatamodeld */ = {
			isa = XCVersionGroup;
			children = (
				45D10D472321A4B100DD32D5 /* DataModel.xcdatamodel */,
			);
			currentVersion = 45D10D472321A4B100DD32D5 /* DataModel.xcdatamodel */;
			path = DataModel.xcdatamodeld;
			sourceTree = "<group>";
			versionGroupType = wrapper.xcdatamodel;
		};
/* End XCVersionGroup section */
	};
	rootObject = 45633B022319E4ED0078700B /* Project object */;
}
